
Microsoft Visual Studio Solution File, Format Version 12.00
# Visual Studio 15
VisualStudioVersion = 15.0.28307.421
MinimumVisualStudioVersion = 10.0.40219.1
Project("{FAE04EC0-301F-11D3-BF4B-00C04F79EFBC}") = "ContactApp", "ContactApp\ContactApp.csproj", "{943C44AB-6CF8-48E1-AEC6-5A930E923E45}"
EndProject
Global
	GlobalSection(SolutionConfigurationPlatforms) = preSolution
		Debug|Any CPU = Debug|Any CPU
		Release|Any CPU = Release|Any CPU
	EndGlobalSection
	GlobalSection(ProjectConfigurationPlatforms) = postSolution
		{943C44AB-6CF8-48E1-AEC6-5A930E923E45}.Debug|Any CPU.ActiveCfg = Debug|Any CPU
		{943C44AB-6CF8-48E1-AEC6-5A930E923E45}.Debug|Any CPU.Build.0 = Debug|Any CPU
		{943C44AB-6CF8-48E1-AEC6-5A930E923E45}.Release|Any CPU.ActiveCfg = Release|Any CPU
		{943C44AB-6CF8-48E1-AEC6-5A930E923E45}.Release|Any CPU.Build.0 = Release|Any CPU
	EndGlobalSection
	GlobalSection(SolutionProperties) = preSolution
		HideSolutionNode = FALSE
	EndGlobalSection
	GlobalSection(ExtensibilityGlobals) = postSolution
		SolutionGuid = {7CEF0851-018E-4C89-B808-523F7CB56F3A}
	EndGlobalSection
EndGlobal
